
Microsoft Visual Studio Solution File, Format Version 12.00
# Visual Studio Version 16
VisualStudioVersion = 16.0.31702.278
MinimumVisualStudioVersion = 10.0.40219.1
Project("{FAE04EC0-301F-11D3-BF4B-00C04F79EFBC}") = "DeepComparer", "DeepComparer\DeepComparer.csproj", "{82658807-11F8-4F81-8383-14D2FD128288}"
EndProject
Project("{FAE04EC0-301F-11D3-BF4B-00C04F79EFBC}") = "DeepComparerTests", "DeepComparerTests\DeepComparerTests.csproj", "{668F191E-98DB-428E-8616-72F26CB84F3B}"
EndProject
Global
	GlobalSection(SolutionConfigurationPlatforms) = preSolution
		Debug|Any CPU = Debug|Any CPU
		Release|Any CPU = Release|Any CPU
	EndGlobalSection
	GlobalSection(ProjectConfigurationPlatforms) = postSolution
		{82658807-11F8-4F81-8383-14D2FD128288}.Debug|Any CPU.ActiveCfg = Debug|Any CPU
		{82658807-11F8-4F81-8383-14D2FD128288}.Debug|Any CPU.Build.0 = Debug|Any CPU
		{82658807-11F8-4F81-8383-14D2FD128288}.Release|Any CPU.ActiveCfg = Release|Any CPU
		{82658807-11F8-4F81-8383-14D2FD128288}.Release|Any CPU.Build.0 = Release|Any CPU
		{668F191E-98DB-428E-8616-72F26CB84F3B}.Debug|Any CPU.ActiveCfg = Debug|Any CPU
		{668F191E-98DB-428E-8616-72F26CB84F3B}.Debug|Any CPU.Build.0 = Debug|Any CPU
		{668F191E-98DB-428E-8616-72F26CB84F3B}.Release|Any CPU.ActiveCfg = Release|Any CPU
		{668F191E-98DB-428E-8616-72F26CB84F3B}.Release|Any CPU.Build.0 = Release|Any CPU
	EndGlobalSection
	GlobalSection(SolutionProperties) = preSolution
		HideSolutionNode = FALSE
	EndGlobalSection
	GlobalSection(ExtensibilityGlobals) = postSolution
		SolutionGuid = {68C638CB-0B30-4367-A827-7242E50F613D}
	EndGlobalSection
EndGlobal
